
Microsoft Visual Studio Solution File, Format Version 12.00
# Visual Studio Version 17
VisualStudioVersion = 17.5.002.0
MinimumVisualStudioVersion = 10.0.40219.1
Project("{9A19103F-16F7-4668-BE54-9A1E7A4F7556}") = "azure-lock-manager", "azure-lock-manager\azure-lock-manager.csproj", "{30B3F45F-CFA3-4DAE-8D43-F2CF44E6C51D}"
EndProject
Global
	GlobalSection(SolutionConfigurationPlatforms) = preSolution
		Debug|Any CPU = Debug|Any CPU
		Release|Any CPU = Release|Any CPU
	EndGlobalSection
	GlobalSection(ProjectConfigurationPlatforms) = postSolution
		{30B3F45F-CFA3-4DAE-8D43-F2CF44E6C51D}.Debug|Any CPU.ActiveCfg = Debug|Any CPU
		{30B3F45F-CFA3-4DAE-8D43-F2CF44E6C51D}.Debug|Any CPU.Build.0 = Debug|Any CPU
		{30B3F45F-CFA3-4DAE-8D43-F2CF44E6C51D}.Release|Any CPU.ActiveCfg = Release|Any CPU
		{30B3F45F-CFA3-4DAE-8D43-F2CF44E6C51D}.Release|Any CPU.Build.0 = Release|Any CPU
	EndGlobalSection
	GlobalSection(SolutionProperties) = preSolution
		HideSolutionNode = FALSE
	EndGlobalSection
	GlobalSection(ExtensibilityGlobals) = postSolution
		SolutionGuid = {C6E8681B-6C32-47BF-9C06-E3E64388EBDB}
	EndGlobalSection
EndGlobal
